
Microsoft Visual Studio Solution File, Format Version 11.00
# Visual Studio 2010
Project("{FAE04EC0-301F-11D3-BF4B-00C04F79EFBC}") = "WebSucamec", "WebSucamec\WebSucamec.csproj", "{0BC636E8-9F9F-4943-AE59-4B3070DFA82D}"
	ProjectSection(ProjectDependencies) = postProject
		{2D8AB5AC-B762-4838-BDD7-3127596DDB6C} = {2D8AB5AC-B762-4838-BDD7-3127596DDB6C}
	EndProjectSection
EndProject
Project("{FAE04EC0-301F-11D3-BF4B-00C04F79EFBC}") = "WebSucamec.Tests", "WebSucamec.Tests\WebSucamec.Tests.csproj", "{77F8D605-F3BB-4BC2-8EB1-2B11C4DE0BAD}"
EndProject
Project("{FAE04EC0-301F-11D3-BF4B-00C04F79EFBC}") = "Entidades", "..\Entidades\Entidades.csproj", "{062DCA79-1FC6-4F37-8104-9AA30F9A6491}"
EndProject
Project("{FAE04EC0-301F-11D3-BF4B-00C04F79EFBC}") = "LogicaNegocios", "..\LogicaNegocios\LogicaNegocios.csproj", "{9C4F499E-2405-450B-9347-806C70037156}"
EndProject
Project("{FAE04EC0-301F-11D3-BF4B-00C04F79EFBC}") = "AccesoDatos", "..\AccesoDatos\AccesoDatos.csproj", "{1FAA61D2-4295-489B-A72E-7F02335AC8CE}"
EndProject
Project("{FAE04EC0-301F-11D3-BF4B-00C04F79EFBC}") = "Recursos", "..\Recursos\Recursos.csproj", "{6F9C7BF6-EC9C-41A3-BA6B-7E13C090E56C}"
EndProject
Project("{FAE04EC0-301F-11D3-BF4B-00C04F79EFBC}") = "WcfAntecedentes", "..\WcfAntecedentes\WcfAntecedentes.csproj", "{2D8AB5AC-B762-4838-BDD7-3127596DDB6C}"
EndProject
Project("{FAE04EC0-301F-11D3-BF4B-00C04F79EFBC}") = "WcfSucamec", "..\WcfSucamec\WcfSucamec.csproj", "{9156251C-F67B-4831-8B67-C272C146E670}"
EndProject
Project("{FAE04EC0-301F-11D3-BF4B-00C04F79EFBC}") = "WcfSucamecServRest", "..\WcfSucamecServRest\WcfSucamecServRest.csproj", "{FBAC3888-7F6A-4DF7-AEA5-FE93C3D47D45}"
EndProject
Project("{FAE04EC0-301F-11D3-BF4B-00C04F79EFBC}") = "ConsumidorMessageQueueServer", "..\ConsumidorMessageQueueServer\ConsumidorMessageQueueServer.csproj", "{05994D64-F54A-4DFC-AF72-418BC85B7634}"
EndProject
Global
	GlobalSection(SolutionConfigurationPlatforms) = preSolution
		Debug|Any CPU = Debug|Any CPU
		Debug|Mixed Platforms = Debug|Mixed Platforms
		Debug|x86 = Debug|x86
		Release|Any CPU = Release|Any CPU
		Release|Mixed Platforms = Release|Mixed Platforms
		Release|x86 = Release|x86
	EndGlobalSection
	GlobalSection(ProjectConfigurationPlatforms) = postSolution
		{0BC636E8-9F9F-4943-AE59-4B3070DFA82D}.Debug|Any CPU.ActiveCfg = Debug|Any CPU
		{0BC636E8-9F9F-4943-AE59-4B3070DFA82D}.Debug|Any CPU.Build.0 = Debug|Any CPU
		{0BC636E8-9F9F-4943-AE59-4B3070DFA82D}.Debug|Mixed Platforms.ActiveCfg = Debug|Any CPU
		{0BC636E8-9F9F-4943-AE59-4B3070DFA82D}.Debug|Mixed Platforms.Build.0 = Debug|Any CPU
		{0BC636E8-9F9F-4943-AE59-4B3070DFA82D}.Debug|x86.ActiveCfg = Debug|Any CPU
		{0BC636E8-9F9F-4943-AE59-4B3070DFA82D}.Release|Any CPU.ActiveCfg = Release|Any CPU
		{0BC636E8-9F9F-4943-AE59-4B3070DFA82D}.Release|Any CPU.Build.0 = Release|Any CPU
		{0BC636E8-9F9F-4943-AE59-4B3070DFA82D}.Release|Mixed Platforms.ActiveCfg = Release|Any CPU
		{0BC636E8-9F9F-4943-AE59-4B3070DFA82D}.Release|Mixed Platforms.Build.0 = Release|Any CPU
		{0BC636E8-9F9F-4943-AE59-4B3070DFA82D}.Release|x86.ActiveCfg = Release|Any CPU
		{77F8D605-F3BB-4BC2-8EB1-2B11C4DE0BAD}.Debug|Any CPU.ActiveCfg = Debug|Any CPU
		{77F8D605-F3BB-4BC2-8EB1-2B11C4DE0BAD}.Debug|Any CPU.Build.0 = Debug|Any CPU
		{77F8D605-F3BB-4BC2-8EB1-2B11C4DE0BAD}.Debug|Mixed Platforms.ActiveCfg = Debug|Any CPU
		{77F8D605-F3BB-4BC2-8EB1-2B11C4DE0BAD}.Debug|Mixed Platforms.Build.0 = Debug|Any CPU
		{77F8D605-F3BB-4BC2-8EB1-2B11C4DE0BAD}.Debug|x86.ActiveCfg = Debug|Any CPU
		{77F8D605-F3BB-4BC2-8EB1-2B11C4DE0BAD}.Release|Any CPU.ActiveCfg = Release|Any CPU
		{77F8D605-F3BB-4BC2-8EB1-2B11C4DE0BAD}.Release|Any CPU.Build.0 = Release|Any CPU
		{77F8D605-F3BB-4BC2-8EB1-2B11C4DE0BAD}.Release|Mixed Platforms.ActiveCfg = Release|Any CPU
		{77F8D605-F3BB-4BC2-8EB1-2B11C4DE0BAD}.Release|Mixed Platforms.Build.0 = Release|Any CPU
		{77F8D605-F3BB-4BC2-8EB1-2B11C4DE0BAD}.Release|x86.ActiveCfg = Release|Any CPU
		{062DCA79-1FC6-4F37-8104-9AA30F9A6491}.Debug|Any CPU.ActiveCfg = Debug|Any CPU
		{062DCA79-1FC6-4F37-8104-9AA30F9A6491}.Debug|Any CPU.Build.0 = Debug|Any CPU
		{062DCA79-1FC6-4F37-8104-9AA30F9A6491}.Debug|Mixed Platforms.ActiveCfg = Debug|Any CPU
		{062DCA79-1FC6-4F37-8104-9AA30F9A6491}.Debug|Mixed Platforms.Build.0 = Debug|Any CPU
		{062DCA79-1FC6-4F37-8104-9AA30F9A6491}.Debug|x86.ActiveCfg = Debug|Any CPU
		{062DCA79-1FC6-4F37-8104-9AA30F9A6491}.Release|Any CPU.ActiveCfg = Release|Any CPU
		{062DCA79-1FC6-4F37-8104-9AA30F9A6491}.Release|Any CPU.Build.0 = Release|Any CPU
		{062DCA79-1FC6-4F37-8104-9AA30F9A6491}.Release|Mixed Platforms.ActiveCfg = Release|Any CPU
		{062DCA79-1FC6-4F37-8104-9AA30F9A6491}.Release|Mixed Platforms.Build.0 = Release|Any CPU
		{062DCA79-1FC6-4F37-8104-9AA30F9A6491}.Release|x86.ActiveCfg = Release|Any CPU
		{9C4F499E-2405-450B-9347-806C70037156}.Debug|Any CPU.ActiveCfg = Debug|Any CPU
		{9C4F499E-2405-450B-9347-806C70037156}.Debug|Any CPU.Build.0 = Debug|Any CPU
		{9C4F499E-2405-450B-9347-806C70037156}.Debug|Mixed Platforms.ActiveCfg = Debug|Any CPU
		{9C4F499E-2405-450B-9347-806C70037156}.Debug|Mixed Platforms.Build.0 = Debug|Any CPU
		{9C4F499E-2405-450B-9347-806C70037156}.Debug|x86.ActiveCfg = Debug|Any CPU
		{9C4F499E-2405-450B-9347-806C70037156}.Release|Any CPU.ActiveCfg = Release|Any CPU
		{9C4F499E-2405-450B-9347-806C70037156}.Release|Any CPU.Build.0 = Release|Any CPU
		{9C4F499E-2405-450B-9347-806C70037156}.Release|Mixed Platforms.ActiveCfg = Release|Any CPU
		{9C4F499E-2405-450B-9347-806C70037156}.Release|Mixed Platforms.Build.0 = Release|Any CPU
		{9C4F499E-2405-450B-9347-806C70037156}.Release|x86.ActiveCfg = Release|Any CPU
		{1FAA61D2-4295-489B-A72E-7F02335AC8CE}.Debug|Any CPU.ActiveCfg = Debug|Any CPU
		{1FAA61D2-4295-489B-A72E-7F02335AC8CE}.Debug|Any CPU.Build.0 = Debug|Any CPU
		{1FAA61D2-4295-489B-A72E-7F02335AC8CE}.Debug|Mixed Platforms.ActiveCfg = Debug|Any CPU
		{1FAA61D2-4295-489B-A72E-7F02335AC8CE}.Debug|Mixed Platforms.Build.0 = Debug|Any CPU
		{1FAA61D2-4295-489B-A72E-7F02335AC8CE}.Debug|x86.ActiveCfg = Debug|Any CPU
		{1FAA61D2-4295-489B-A72E-7F02335AC8CE}.Release|Any CPU.ActiveCfg = Release|Any CPU
		{1FAA61D2-4295-489B-A72E-7F02335AC8CE}.Release|Any CPU.Build.0 = Release|Any CPU
		{1FAA61D2-4295-489B-A72E-7F02335AC8CE}.Release|Mixed Platforms.ActiveCfg = Release|Any CPU
		{1FAA61D2-4295-489B-A72E-7F02335AC8CE}.Release|Mixed Platforms.Build.0 = Release|Any CPU
		{1FAA61D2-4295-489B-A72E-7F02335AC8CE}.Release|x86.ActiveCfg = Release|Any CPU
		{6F9C7BF6-EC9C-41A3-BA6B-7E13C090E56C}.Debug|Any CPU.ActiveCfg = Debug|Any CPU
		{6F9C7BF6-EC9C-41A3-BA6B-7E13C090E56C}.Debug|Any CPU.Build.0 = Debug|Any CPU
		{6F9C7BF6-EC9C-41A3-BA6B-7E13C090E56C}.Debug|Mixed Platforms.ActiveCfg = Debug|Any CPU
		{6F9C7BF6-EC9C-41A3-BA6B-7E13C090E56C}.Debug|Mixed Platforms.Build.0 = Debug|Any CPU
		{6F9C7BF6-EC9C-41A3-BA6B-7E13C090E56C}.Debug|x86.ActiveCfg = Debug|Any CPU
		{6F9C7BF6-EC9C-41A3-BA6B-7E13C090E56C}.Release|Any CPU.ActiveCfg = Release|Any CPU
		{6F9C7BF6-EC9C-41A3-BA6B-7E13C090E56C}.Release|Any CPU.Build.0 = Release|Any CPU
		{6F9C7BF6-EC9C-41A3-BA6B-7E13C090E56C}.Release|Mixed Platforms.ActiveCfg = Release|Any CPU
		{6F9C7BF6-EC9C-41A3-BA6B-7E13C090E56C}.Release|Mixed Platforms.Build.0 = Release|Any CPU
		{6F9C7BF6-EC9C-41A3-BA6B-7E13C090E56C}.Release|x86.ActiveCfg = Release|Any CPU
		{2D8AB5AC-B762-4838-BDD7-3127596DDB6C}.Debug|Any CPU.ActiveCfg = Debug|Any CPU
		{2D8AB5AC-B762-4838-BDD7-3127596DDB6C}.Debug|Any CPU.Build.0 = Debug|Any CPU
		{2D8AB5AC-B762-4838-BDD7-3127596DDB6C}.Debug|Mixed Platforms.ActiveCfg = Debug|Any CPU
		{2D8AB5AC-B762-4838-BDD7-3127596DDB6C}.Debug|Mixed Platforms.Build.0 = Debug|Any CPU
		{2D8AB5AC-B762-4838-BDD7-3127596DDB6C}.Debug|x86.ActiveCfg = Debug|Any CPU
		{2D8AB5AC-B762-4838-BDD7-3127596DDB6C}.Release|Any CPU.ActiveCfg = Release|Any CPU
		{2D8AB5AC-B762-4838-BDD7-3127596DDB6C}.Release|Any CPU.Build.0 = Release|Any CPU
		{2D8AB5AC-B762-4838-BDD7-3127596DDB6C}.Release|Mixed Platforms.ActiveCfg = Release|Any CPU
		{2D8AB5AC-B762-4838-BDD7-3127596DDB6C}.Release|Mixed Platforms.Build.0 = Release|Any CPU
		{2D8AB5AC-B762-4838-BDD7-3127596DDB6C}.Release|x86.ActiveCfg = Release|Any CPU
		{9156251C-F67B-4831-8B67-C272C146E670}.Debug|Any CPU.ActiveCfg = Debug|Any CPU
		{9156251C-F67B-4831-8B67-C272C146E670}.Debug|Any CPU.Build.0 = Debug|Any CPU
		{9156251C-F67B-4831-8B67-C272C146E670}.Debug|Mixed Platforms.ActiveCfg = Debug|Any CPU
		{9156251C-F67B-4831-8B67-C272C146E670}.Debug|Mixed Platforms.Build.0 = Debug|Any CPU
		{9156251C-F67B-4831-8B67-C272C146E670}.Debug|x86.ActiveCfg = Debug|Any CPU
		{9156251C-F67B-4831-8B67-C272C146E670}.Release|Any CPU.ActiveCfg = Release|Any CPU
		{9156251C-F67B-4831-8B67-C272C146E670}.Release|Any CPU.Build.0 = Release|Any CPU
		{9156251C-F67B-4831-8B67-C272C146E670}.Release|Mixed Platforms.ActiveCfg = Release|Any CPU
		{9156251C-F67B-4831-8B67-C272C146E670}.Release|Mixed Platforms.Build.0 = Release|Any CPU
		{9156251C-F67B-4831-8B67-C272C146E670}.Release|x86.ActiveCfg = Release|Any CPU
		{FBAC3888-7F6A-4DF7-AEA5-FE93C3D47D45}.Debug|Any CPU.ActiveCfg = Debug|Any CPU
		{FBAC3888-7F6A-4DF7-AEA5-FE93C3D47D45}.Debug|Any CPU.Build.0 = Debug|Any CPU
		{FBAC3888-7F6A-4DF7-AEA5-FE93C3D47D45}.Debug|Mixed Platforms.ActiveCfg = Debug|Any CPU
		{FBAC3888-7F6A-4DF7-AEA5-FE93C3D47D45}.Debug|Mixed Platforms.Build.0 = Debug|Any CPU
		{FBAC3888-7F6A-4DF7-AEA5-FE93C3D47D45}.Debug|x86.ActiveCfg = Debug|Any CPU
		{FBAC3888-7F6A-4DF7-AEA5-FE93C3D47D45}.Release|Any CPU.ActiveCfg = Release|Any CPU
		{FBAC3888-7F6A-4DF7-AEA5-FE93C3D47D45}.Release|Any CPU.Build.0 = Release|Any CPU
		{FBAC3888-7F6A-4DF7-AEA5-FE93C3D47D45}.Release|Mixed Platforms.ActiveCfg = Release|Any CPU
		{FBAC3888-7F6A-4DF7-AEA5-FE93C3D47D45}.Release|Mixed Platforms.Build.0 = Release|Any CPU
		{FBAC3888-7F6A-4DF7-AEA5-FE93C3D47D45}.Release|x86.ActiveCfg = Release|Any CPU
		{05994D64-F54A-4DFC-AF72-418BC85B7634}.Debug|Any CPU.ActiveCfg = Debug|x86
		{05994D64-F54A-4DFC-AF72-418BC85B7634}.Debug|Mixed Platforms.ActiveCfg = Debug|x86
		{05994D64-F54A-4DFC-AF72-418BC85B7634}.Debug|Mixed Platforms.Build.0 = Debug|x86
		{05994D64-F54A-4DFC-AF72-418BC85B7634}.Debug|x86.ActiveCfg = Debug|x86
		{05994D64-F54A-4DFC-AF72-418BC85B7634}.Debug|x86.Build.0 = Debug|x86
		{05994D64-F54A-4DFC-AF72-418BC85B7634}.Release|Any CPU.ActiveCfg = Release|x86
		{05994D64-F54A-4DFC-AF72-418BC85B7634}.Release|Mixed Platforms.ActiveCfg = Release|x86
		{05994D64-F54A-4DFC-AF72-418BC85B7634}.Release|Mixed Platforms.Build.0 = Release|x86
		{05994D64-F54A-4DFC-AF72-418BC85B7634}.Release|x86.ActiveCfg = Release|x86
		{05994D64-F54A-4DFC-AF72-418BC85B7634}.Release|x86.Build.0 = Release|x86
	EndGlobalSection
	GlobalSection(SolutionProperties) = preSolution
		HideSolutionNode = FALSE
	EndGlobalSection
EndGlobal
